// !$*UTF8*$!
{
	archiveVersion = 1;
	classes = {
	};
	objectVersion = 56;
	objects = {

/* Begin PBXBuildFile section */
		B54B1795294763B500CA79ED /* ProductsListModel.swift in Sources */ = {isa = PBXBuildFile; fileRef = B54B1794294763B500CA79ED /* ProductsListModel.swift */; };
		B54B17982947677D00CA79ED /* NetworkManager.swift in Sources */ = {isa = PBXBuildFile; fileRef = B54B17972947677D00CA79ED /* NetworkManager.swift */; };
		B555E42429449B3300DF3DD0 /* testAppTechnoShopApp.swift in Sources */ = {isa = PBXBuildFile; fileRef = B555E42329449B3300DF3DD0 /* testAppTechnoShopApp.swift */; };
		B555E42829449B3500DF3DD0 /* Assets.xcassets in Resources */ = {isa = PBXBuildFile; fileRef = B555E42729449B3500DF3DD0 /* Assets.xcassets */; };
		B555E42B29449B3500DF3DD0 /* Preview Assets.xcassets in Resources */ = {isa = PBXBuildFile; fileRef = B555E42A29449B3500DF3DD0 /* Preview Assets.xcassets */; };
		B555E43229449DDC00DF3DD0 /* CellSelectCategoryView.swift in Sources */ = {isa = PBXBuildFile; fileRef = B555E43129449DDC00DF3DD0 /* CellSelectCategoryView.swift */; };
		B555E4362944AD5800DF3DD0 /* SelectCategoryManager.swift in Sources */ = {isa = PBXBuildFile; fileRef = B555E4352944AD5800DF3DD0 /* SelectCategoryManager.swift */; };
		B555E4382944AED500DF3DD0 /* CellSelectCategoryViewModel.swift in Sources */ = {isa = PBXBuildFile; fileRef = B555E4372944AED500DF3DD0 /* CellSelectCategoryViewModel.swift */; };
		B555E43C2944B34300DF3DD0 /* SelectCategoryView.swift in Sources */ = {isa = PBXBuildFile; fileRef = B555E43B2944B34300DF3DD0 /* SelectCategoryView.swift */; };
		B555E43E2944B34E00DF3DD0 /* SelectCategoryViewModel.swift in Sources */ = {isa = PBXBuildFile; fileRef = B555E43D2944B34E00DF3DD0 /* SelectCategoryViewModel.swift */; };
		B555E4402944C39400DF3DD0 /* ExplorerView.swift in Sources */ = {isa = PBXBuildFile; fileRef = B555E43F2944C39400DF3DD0 /* ExplorerView.swift */; };
		B555E4422944C3F000DF3DD0 /* CartView.swift in Sources */ = {isa = PBXBuildFile; fileRef = B555E4412944C3F000DF3DD0 /* CartView.swift */; };
		B555E4442944C40200DF3DD0 /* FavoriteView.swift in Sources */ = {isa = PBXBuildFile; fileRef = B555E4432944C40200DF3DD0 /* FavoriteView.swift */; };
		B555E4462944C41100DF3DD0 /* UserProfileView.swift in Sources */ = {isa = PBXBuildFile; fileRef = B555E4452944C41100DF3DD0 /* UserProfileView.swift */; };
		B555E4482944C9D400DF3DD0 /* CustomTabView.swift in Sources */ = {isa = PBXBuildFile; fileRef = B555E4472944C9D400DF3DD0 /* CustomTabView.swift */; };
		B555E44B2944F2CB00DF3DD0 /* ExplorerNavigationItemsView.swift in Sources */ = {isa = PBXBuildFile; fileRef = B555E44A2944F2CB00DF3DD0 /* ExplorerNavigationItemsView.swift */; };
		B555E44F29459F4600DF3DD0 /* SearchView.swift in Sources */ = {isa = PBXBuildFile; fileRef = B555E44E29459F4600DF3DD0 /* SearchView.swift */; };
		B555E4522945A17C00DF3DD0 /* Resources.swift in Sources */ = {isa = PBXBuildFile; fileRef = B555E4512945A17C00DF3DD0 /* Resources.swift */; };
		B555E4552945B06500DF3DD0 /* HotSalesView.swift in Sources */ = {isa = PBXBuildFile; fileRef = B555E4542945B06500DF3DD0 /* HotSalesView.swift */; };
		B555E4592945B07B00DF3DD0 /* HotSalesViewModel.swift in Sources */ = {isa = PBXBuildFile; fileRef = B555E4582945B07B00DF3DD0 /* HotSalesViewModel.swift */; };
		B555E45C2945B0A900DF3DD0 /* CellHotSalesView.swift in Sources */ = {isa = PBXBuildFile; fileRef = B555E45B2945B0A900DF3DD0 /* CellHotSalesView.swift */; };
		B555E4602945B0BB00DF3DD0 /* CellHotSalesViewModel.swift in Sources */ = {isa = PBXBuildFile; fileRef = B555E45F2945B0BB00DF3DD0 /* CellHotSalesViewModel.swift */; };
		B56F93732947A43F00CD9D9A /* ImageView.swift in Sources */ = {isa = PBXBuildFile; fileRef = B56F93712947A43F00CD9D9A /* ImageView.swift */; };
		B56F93742947A43F00CD9D9A /* ImageViewModel.swift in Sources */ = {isa = PBXBuildFile; fileRef = B56F93722947A43F00CD9D9A /* ImageViewModel.swift */; };
		B56F93762947C26200CD9D9A /* CellSelectCategoryModel.swift in Sources */ = {isa = PBXBuildFile; fileRef = B56F93752947C26200CD9D9A /* CellSelectCategoryModel.swift */; };
		B56F937A2947C33F00CD9D9A /* BestSellerView.swift in Sources */ = {isa = PBXBuildFile; fileRef = B56F93792947C33F00CD9D9A /* BestSellerView.swift */; };
		B56F937C2947C34800CD9D9A /* BestSellerViewModel.swift in Sources */ = {isa = PBXBuildFile; fileRef = B56F937B2947C34800CD9D9A /* BestSellerViewModel.swift */; };
		B56F937E2947C35300CD9D9A /* CellBestSellerView.swift in Sources */ = {isa = PBXBuildFile; fileRef = B56F937D2947C35300CD9D9A /* CellBestSellerView.swift */; };
		B56F93802947C35C00CD9D9A /* CellBestSellerViewModel.swift in Sources */ = {isa = PBXBuildFile; fileRef = B56F937F2947C35C00CD9D9A /* CellBestSellerViewModel.swift */; };
		B56F93822947C8E800CD9D9A /* ButtonIsFavoriteView.swift in Sources */ = {isa = PBXBuildFile; fileRef = B56F93812947C8E800CD9D9A /* ButtonIsFavoriteView.swift */; };
		B56F93862948A28300CD9D9A /* FilterOptionView.swift in Sources */ = {isa = PBXBuildFile; fileRef = B56F93852948A28300CD9D9A /* FilterOptionView.swift */; };
		B56F938A2948AD8400CD9D9A /* FilterItemSelectView.swift in Sources */ = {isa = PBXBuildFile; fileRef = B56F93892948AD8400CD9D9A /* FilterItemSelectView.swift */; };
		B56F93902948B5EF00CD9D9A /* FilterShowButtonView.swift in Sources */ = {isa = PBXBuildFile; fileRef = B56F938F2948B5EF00CD9D9A /* FilterShowButtonView.swift */; };
		B56F93922948B60500CD9D9A /* FilterShowButtonViewModel.swift in Sources */ = {isa = PBXBuildFile; fileRef = B56F93912948B60500CD9D9A /* FilterShowButtonViewModel.swift */; };
		B56F93952948B70200CD9D9A /* ExplorerNavigationItemsViewModel.swift in Sources */ = {isa = PBXBuildFile; fileRef = B56F93942948B70200CD9D9A /* ExplorerNavigationItemsViewModel.swift */; };
		B56F93982948BFF500CD9D9A /* ExplorerViewModel.swift in Sources */ = {isa = PBXBuildFile; fileRef = B56F93972948BFF500CD9D9A /* ExplorerViewModel.swift */; };
		B56F939B2948C35300CD9D9A /* MainView.swift in Sources */ = {isa = PBXBuildFile; fileRef = B56F939A2948C35300CD9D9A /* MainView.swift */; };
		B56F93A12948F88200CD9D9A /* LabelButtonCustomTabView.swift in Sources */ = {isa = PBXBuildFile; fileRef = B56F93A02948F88200CD9D9A /* LabelButtonCustomTabView.swift */; };
		B56F93A52948FDE200CD9D9A /* TabViewRouter.swift in Sources */ = {isa = PBXBuildFile; fileRef = B56F93A42948FDE200CD9D9A /* TabViewRouter.swift */; };
		B56F93A92949BAA400CD9D9A /* CustomNavigationBarItemView.swift in Sources */ = {isa = PBXBuildFile; fileRef = B56F93A82949BAA400CD9D9A /* CustomNavigationBarItemView.swift */; };
		B56F93AD2949D5D400CD9D9A /* CellCartView.swift in Sources */ = {isa = PBXBuildFile; fileRef = B56F93AC2949D5D400CD9D9A /* CellCartView.swift */; };
		B56F93AF2949D7F200CD9D9A /* CellCartViewModel.swift in Sources */ = {isa = PBXBuildFile; fileRef = B56F93AE2949D7F200CD9D9A /* CellCartViewModel.swift */; };
		B56F93B12949E8B600CD9D9A /* CartModel.swift in Sources */ = {isa = PBXBuildFile; fileRef = B56F93B02949E8B600CD9D9A /* CartModel.swift */; };
		B56F93B32949EB1600CD9D9A /* CartViewModel.swift in Sources */ = {isa = PBXBuildFile; fileRef = B56F93B22949EB1600CD9D9A /* CartViewModel.swift */; };
		B56F93B7294A085700CD9D9A /* StepperForCartView.swift in Sources */ = {isa = PBXBuildFile; fileRef = B56F93B6294A085700CD9D9A /* StepperForCartView.swift */; };
		B56F93B9294A119F00CD9D9A /* StepperForCartViewModel.swift in Sources */ = {isa = PBXBuildFile; fileRef = B56F93B8294A119F00CD9D9A /* StepperForCartViewModel.swift */; };
		B5A7FF17294A63B70076D0FE /* ProductDetailsView.swift in Sources */ = {isa = PBXBuildFile; fileRef = B5A7FF16294A63B70076D0FE /* ProductDetailsView.swift */; };
		B5A7FF19294A63C60076D0FE /* ProductDetailsViewModel.swift in Sources */ = {isa = PBXBuildFile; fileRef = B5A7FF18294A63C60076D0FE /* ProductDetailsViewModel.swift */; };
		B5A7FF1B294A64790076D0FE /* ProductDetailsModel.swift in Sources */ = {isa = PBXBuildFile; fileRef = B5A7FF1A294A64790076D0FE /* ProductDetailsModel.swift */; };
		B5A7FF1D294A6A030076D0FE /* LabelButton.swift in Sources */ = {isa = PBXBuildFile; fileRef = B5A7FF1C294A6A030076D0FE /* LabelButton.swift */; };
		B5A7FF1F294A782E0076D0FE /* RatingStarView.swift in Sources */ = {isa = PBXBuildFile; fileRef = B5A7FF1E294A782E0076D0FE /* RatingStarView.swift */; };
		B5A7FF22294AFADB0076D0FE /* FeaturesView.swift in Sources */ = {isa = PBXBuildFile; fileRef = B5A7FF21294AFADB0076D0FE /* FeaturesView.swift */; };
		B5A7FF24294AFB290076D0FE /* ColorAndCapacityView.swift in Sources */ = {isa = PBXBuildFile; fileRef = B5A7FF23294AFB290076D0FE /* ColorAndCapacityView.swift */; };
		B5A7FF36294AFF540076D0FE /* CarouselProductImageView.swift in Sources */ = {isa = PBXBuildFile; fileRef = B5A7FF35294AFF540076D0FE /* CarouselProductImageView.swift */; };
		B5A7FF54294B232F0076D0FE /* CellCarouselProductView.swift in Sources */ = {isa = PBXBuildFile; fileRef = B5A7FF53294B232F0076D0FE /* CellCarouselProductView.swift */; };
		B5A7FF57294B383A0076D0FE /* CellCarouselProductViewModel.swift in Sources */ = {isa = PBXBuildFile; fileRef = B5A7FF56294B383A0076D0FE /* CellCarouselProductViewModel.swift */; };
		B5B10895294C6D90004BB779 /* GlobalVariables.swift in Sources */ = {isa = PBXBuildFile; fileRef = B5B10894294C6D90004BB779 /* GlobalVariables.swift */; };
		B5E5D1E4294B99AB005CF7B9 /* CustomNavigationBarItemViewModel.swift in Sources */ = {isa = PBXBuildFile; fileRef = B5E5D1E3294B99AB005CF7B9 /* CustomNavigationBarItemViewModel.swift */; };
		B5E5D1E6294BA5B8005CF7B9 /* SplashScreenView.swift in Sources */ = {isa = PBXBuildFile; fileRef = B5E5D1E5294BA5B8005CF7B9 /* SplashScreenView.swift */; };
		B5E5D1E9294BB2DC005CF7B9 /* MarkPro.ttf in Resources */ = {isa = PBXBuildFile; fileRef = B5E5D1E8294BB2DC005CF7B9 /* MarkPro.ttf */; };
		B5E5D1EC294BB473005CF7B9 /* MarkProHeavy.ttf in Resources */ = {isa = PBXBuildFile; fileRef = B5E5D1EB294BB473005CF7B9 /* MarkProHeavy.ttf */; };
		B5E5D1EE294BB47B005CF7B9 /* MarkProBold.ttf in Resources */ = {isa = PBXBuildFile; fileRef = B5E5D1ED294BB47B005CF7B9 /* MarkProBold.ttf */; };
		B5E5D1F0294BB485005CF7B9 /* MarkProMedium.ttf in Resources */ = {isa = PBXBuildFile; fileRef = B5E5D1EF294BB485005CF7B9 /* MarkProMedium.ttf */; };
		B5E5D1F2294BB5AC005CF7B9 /* Font + Ext.swift in Sources */ = {isa = PBXBuildFile; fileRef = B5E5D1F1294BB5AC005CF7B9 /* Font + Ext.swift */; };
/* End PBXBuildFile section */

/* Begin PBXFileReference section */
		B54B1794294763B500CA79ED /* ProductsListModel.swift */ = {isa = PBXFileReference; lastKnownFileType = sourcecode.swift; path = ProductsListModel.swift; sourceTree = "<group>"; };
		B54B17972947677D00CA79ED /* NetworkManager.swift */ = {isa = PBXFileReference; lastKnownFileType = sourcecode.swift; path = NetworkManager.swift; sourceTree = "<group>"; };
		B555E42029449B3300DF3DD0 /* testAppTechnoShop.app */ = {isa = PBXFileReference; explicitFileType = wrapper.application; includeInIndex = 0; path = testAppTechnoShop.app; sourceTree = BUILT_PRODUCTS_DIR; };
		B555E42329449B3300DF3DD0 /* testAppTechnoShopApp.swift */ = {isa = PBXFileReference; lastKnownFileType = sourcecode.swift; path = testAppTechnoShopApp.swift; sourceTree = "<group>"; };
		B555E42729449B3500DF3DD0 /* Assets.xcassets */ = {isa = PBXFileReference; lastKnownFileType = folder.assetcatalog; path = Assets.xcassets; sourceTree = "<group>"; };
		B555E42A29449B3500DF3DD0 /* Preview Assets.xcassets */ = {isa = PBXFileReference; lastKnownFileType = folder.assetcatalog; path = "Preview Assets.xcassets"; sourceTree = "<group>"; };
		B555E43129449DDC00DF3DD0 /* CellSelectCategoryView.swift */ = {isa = PBXFileReference; lastKnownFileType = sourcecode.swift; path = CellSelectCategoryView.swift; sourceTree = "<group>"; };
		B555E4352944AD5800DF3DD0 /* SelectCategoryManager.swift */ = {isa = PBXFileReference; lastKnownFileType = sourcecode.swift; path = SelectCategoryManager.swift; sourceTree = "<group>"; };
		B555E4372944AED500DF3DD0 /* CellSelectCategoryViewModel.swift */ = {isa = PBXFileReference; lastKnownFileType = sourcecode.swift; path = CellSelectCategoryViewModel.swift; sourceTree = "<group>"; };
		B555E43B2944B34300DF3DD0 /* SelectCategoryView.swift */ = {isa = PBXFileReference; lastKnownFileType = sourcecode.swift; path = SelectCategoryView.swift; sourceTree = "<group>"; };
		B555E43D2944B34E00DF3DD0 /* SelectCategoryViewModel.swift */ = {isa = PBXFileReference; lastKnownFileType = sourcecode.swift; path = SelectCategoryViewModel.swift; sourceTree = "<group>"; };
		B555E43F2944C39400DF3DD0 /* ExplorerView.swift */ = {isa = PBXFileReference; lastKnownFileType = sourcecode.swift; path = ExplorerView.swift; sourceTree = "<group>"; };
		B555E4412944C3F000DF3DD0 /* CartView.swift */ = {isa = PBXFileReference; lastKnownFileType = sourcecode.swift; path = CartView.swift; sourceTree = "<group>"; };
		B555E4432944C40200DF3DD0 /* FavoriteView.swift */ = {isa = PBXFileReference; lastKnownFileType = sourcecode.swift; path = FavoriteView.swift; sourceTree = "<group>"; };
		B555E4452944C41100DF3DD0 /* UserProfileView.swift */ = {isa = PBXFileReference; lastKnownFileType = sourcecode.swift; path = UserProfileView.swift; sourceTree = "<group>"; };
		B555E4472944C9D400DF3DD0 /* CustomTabView.swift */ = {isa = PBXFileReference; lastKnownFileType = sourcecode.swift; path = CustomTabView.swift; sourceTree = "<group>"; };
		B555E44A2944F2CB00DF3DD0 /* ExplorerNavigationItemsView.swift */ = {isa = PBXFileReference; lastKnownFileType = sourcecode.swift; path = ExplorerNavigationItemsView.swift; sourceTree = "<group>"; };
		B555E44E29459F4600DF3DD0 /* SearchView.swift */ = {isa = PBXFileReference; lastKnownFileType = sourcecode.swift; path = SearchView.swift; sourceTree = "<group>"; };
		B555E4512945A17C00DF3DD0 /* Resources.swift */ = {isa = PBXFileReference; lastKnownFileType = sourcecode.swift; path = Resources.swift; sourceTree = "<group>"; };
		B555E4542945B06500DF3DD0 /* HotSalesView.swift */ = {isa = PBXFileReference; lastKnownFileType = sourcecode.swift; path = HotSalesView.swift; sourceTree = "<group>"; };
		B555E4582945B07B00DF3DD0 /* HotSalesViewModel.swift */ = {isa = PBXFileReference; lastKnownFileType = sourcecode.swift; path = HotSalesViewModel.swift; sourceTree = "<group>"; };
		B555E45B2945B0A900DF3DD0 /* CellHotSalesView.swift */ = {isa = PBXFileReference; lastKnownFileType = sourcecode.swift; path = CellHotSalesView.swift; sourceTree = "<group>"; };
		B555E45F2945B0BB00DF3DD0 /* CellHotSalesViewModel.swift */ = {isa = PBXFileReference; lastKnownFileType = sourcecode.swift; path = CellHotSalesViewModel.swift; sourceTree = "<group>"; };
		B56F93712947A43F00CD9D9A /* ImageView.swift */ = {isa = PBXFileReference; fileEncoding = 4; lastKnownFileType = sourcecode.swift; path = ImageView.swift; sourceTree = "<group>"; };
		B56F93722947A43F00CD9D9A /* ImageViewModel.swift */ = {isa = PBXFileReference; fileEncoding = 4; lastKnownFileType = sourcecode.swift; path = ImageViewModel.swift; sourceTree = "<group>"; };
		B56F93752947C26200CD9D9A /* CellSelectCategoryModel.swift */ = {isa = PBXFileReference; fileEncoding = 4; lastKnownFileType = sourcecode.swift; path = CellSelectCategoryModel.swift; sourceTree = "<group>"; };
		B56F93792947C33F00CD9D9A /* BestSellerView.swift */ = {isa = PBXFileReference; lastKnownFileType = sourcecode.swift; path = BestSellerView.swift; sourceTree = "<group>"; };
		B56F937B2947C34800CD9D9A /* BestSellerViewModel.swift */ = {isa = PBXFileReference; lastKnownFileType = sourcecode.swift; path = BestSellerViewModel.swift; sourceTree = "<group>"; };
		B56F937D2947C35300CD9D9A /* CellBestSellerView.swift */ = {isa = PBXFileReference; lastKnownFileType = sourcecode.swift; path = CellBestSellerView.swift; sourceTree = "<group>"; };
		B56F937F2947C35C00CD9D9A /* CellBestSellerViewModel.swift */ = {isa = PBXFileReference; lastKnownFileType = sourcecode.swift; path = CellBestSellerViewModel.swift; sourceTree = "<group>"; };
		B56F93812947C8E800CD9D9A /* ButtonIsFavoriteView.swift */ = {isa = PBXFileReference; lastKnownFileType = sourcecode.swift; path = ButtonIsFavoriteView.swift; sourceTree = "<group>"; };
		B56F93852948A28300CD9D9A /* FilterOptionView.swift */ = {isa = PBXFileReference; lastKnownFileType = sourcecode.swift; path = FilterOptionView.swift; sourceTree = "<group>"; };
		B56F93892948AD8400CD9D9A /* FilterItemSelectView.swift */ = {isa = PBXFileReference; lastKnownFileType = sourcecode.swift; path = FilterItemSelectView.swift; sourceTree = "<group>"; };
		B56F938F2948B5EF00CD9D9A /* FilterShowButtonView.swift */ = {isa = PBXFileReference; lastKnownFileType = sourcecode.swift; path = FilterShowButtonView.swift; sourceTree = "<group>"; };
		B56F93912948B60500CD9D9A /* FilterShowButtonViewModel.swift */ = {isa = PBXFileReference; lastKnownFileType = sourcecode.swift; path = FilterShowButtonViewModel.swift; sourceTree = "<group>"; };
		B56F93942948B70200CD9D9A /* ExplorerNavigationItemsViewModel.swift */ = {isa = PBXFileReference; lastKnownFileType = sourcecode.swift; path = ExplorerNavigationItemsViewModel.swift; sourceTree = "<group>"; };
		B56F93972948BFF500CD9D9A /* ExplorerViewModel.swift */ = {isa = PBXFileReference; lastKnownFileType = sourcecode.swift; path = ExplorerViewModel.swift; sourceTree = "<group>"; };
		B56F939A2948C35300CD9D9A /* MainView.swift */ = {isa = PBXFileReference; lastKnownFileType = sourcecode.swift; path = MainView.swift; sourceTree = "<group>"; };
		B56F93A02948F88200CD9D9A /* LabelButtonCustomTabView.swift */ = {isa = PBXFileReference; lastKnownFileType = sourcecode.swift; path = LabelButtonCustomTabView.swift; sourceTree = "<group>"; };
		B56F93A42948FDE200CD9D9A /* TabViewRouter.swift */ = {isa = PBXFileReference; lastKnownFileType = sourcecode.swift; path = TabViewRouter.swift; sourceTree = "<group>"; };
		B56F93A82949BAA400CD9D9A /* CustomNavigationBarItemView.swift */ = {isa = PBXFileReference; lastKnownFileType = sourcecode.swift; path = CustomNavigationBarItemView.swift; sourceTree = "<group>"; };
		B56F93AC2949D5D400CD9D9A /* CellCartView.swift */ = {isa = PBXFileReference; lastKnownFileType = sourcecode.swift; path = CellCartView.swift; sourceTree = "<group>"; };
		B56F93AE2949D7F200CD9D9A /* CellCartViewModel.swift */ = {isa = PBXFileReference; lastKnownFileType = sourcecode.swift; path = CellCartViewModel.swift; sourceTree = "<group>"; };
		B56F93B02949E8B600CD9D9A /* CartModel.swift */ = {isa = PBXFileReference; lastKnownFileType = sourcecode.swift; path = CartModel.swift; sourceTree = "<group>"; };
		B56F93B22949EB1600CD9D9A /* CartViewModel.swift */ = {isa = PBXFileReference; lastKnownFileType = sourcecode.swift; path = CartViewModel.swift; sourceTree = "<group>"; };
		B56F93B6294A085700CD9D9A /* StepperForCartView.swift */ = {isa = PBXFileReference; lastKnownFileType = sourcecode.swift; path = StepperForCartView.swift; sourceTree = "<group>"; };
		B56F93B8294A119F00CD9D9A /* StepperForCartViewModel.swift */ = {isa = PBXFileReference; lastKnownFileType = sourcecode.swift; path = StepperForCartViewModel.swift; sourceTree = "<group>"; };
		B5A7FF16294A63B70076D0FE /* ProductDetailsView.swift */ = {isa = PBXFileReference; lastKnownFileType = sourcecode.swift; path = ProductDetailsView.swift; sourceTree = "<group>"; };
		B5A7FF18294A63C60076D0FE /* ProductDetailsViewModel.swift */ = {isa = PBXFileReference; lastKnownFileType = sourcecode.swift; path = ProductDetailsViewModel.swift; sourceTree = "<group>"; };
		B5A7FF1A294A64790076D0FE /* ProductDetailsModel.swift */ = {isa = PBXFileReference; lastKnownFileType = sourcecode.swift; path = ProductDetailsModel.swift; sourceTree = "<group>"; };
		B5A7FF1C294A6A030076D0FE /* LabelButton.swift */ = {isa = PBXFileReference; lastKnownFileType = sourcecode.swift; path = LabelButton.swift; sourceTree = "<group>"; };
		B5A7FF1E294A782E0076D0FE /* RatingStarView.swift */ = {isa = PBXFileReference; lastKnownFileType = sourcecode.swift; path = RatingStarView.swift; sourceTree = "<group>"; };
		B5A7FF21294AFADB0076D0FE /* FeaturesView.swift */ = {isa = PBXFileReference; lastKnownFileType = sourcecode.swift; path = FeaturesView.swift; sourceTree = "<group>"; };
		B5A7FF23294AFB290076D0FE /* ColorAndCapacityView.swift */ = {isa = PBXFileReference; lastKnownFileType = sourcecode.swift; path = ColorAndCapacityView.swift; sourceTree = "<group>"; };
		B5A7FF35294AFF540076D0FE /* CarouselProductImageView.swift */ = {isa = PBXFileReference; lastKnownFileType = sourcecode.swift; path = CarouselProductImageView.swift; sourceTree = "<group>"; };
		B5A7FF53294B232F0076D0FE /* CellCarouselProductView.swift */ = {isa = PBXFileReference; lastKnownFileType = sourcecode.swift; path = CellCarouselProductView.swift; sourceTree = "<group>"; };
		B5A7FF56294B383A0076D0FE /* CellCarouselProductViewModel.swift */ = {isa = PBXFileReference; lastKnownFileType = sourcecode.swift; path = CellCarouselProductViewModel.swift; sourceTree = "<group>"; };
		B5B10894294C6D90004BB779 /* GlobalVariables.swift */ = {isa = PBXFileReference; lastKnownFileType = sourcecode.swift; path = GlobalVariables.swift; sourceTree = "<group>"; };
		B5E5D1E3294B99AB005CF7B9 /* CustomNavigationBarItemViewModel.swift */ = {isa = PBXFileReference; lastKnownFileType = sourcecode.swift; path = CustomNavigationBarItemViewModel.swift; sourceTree = "<group>"; };
		B5E5D1E5294BA5B8005CF7B9 /* SplashScreenView.swift */ = {isa = PBXFileReference; lastKnownFileType = sourcecode.swift; path = SplashScreenView.swift; sourceTree = "<group>"; };
		B5E5D1E8294BB2DC005CF7B9 /* MarkPro.ttf */ = {isa = PBXFileReference; lastKnownFileType = file; path = MarkPro.ttf; sourceTree = "<group>"; };
		B5E5D1EA294BB319005CF7B9 /* Info.plist */ = {isa = PBXFileReference; lastKnownFileType = text.plist; path = Info.plist; sourceTree = "<group>"; };
		B5E5D1EB294BB473005CF7B9 /* MarkProHeavy.ttf */ = {isa = PBXFileReference; lastKnownFileType = file; path = MarkProHeavy.ttf; sourceTree = "<group>"; };
		B5E5D1ED294BB47B005CF7B9 /* MarkProBold.ttf */ = {isa = PBXFileReference; lastKnownFileType = file; path = MarkProBold.ttf; sourceTree = "<group>"; };
		B5E5D1EF294BB485005CF7B9 /* MarkProMedium.ttf */ = {isa = PBXFileReference; lastKnownFileType = file; path = MarkProMedium.ttf; sourceTree = "<group>"; };
		B5E5D1F1294BB5AC005CF7B9 /* Font + Ext.swift */ = {isa = PBXFileReference; lastKnownFileType = sourcecode.swift; path = "Font + Ext.swift"; sourceTree = "<group>"; };
/* End PBXFileReference section */

/* Begin PBXFrameworksBuildPhase section */
		B555E41D29449B3300DF3DD0 /* Frameworks */ = {
			isa = PBXFrameworksBuildPhase;
			buildActionMask = 2147483647;
			files = (
			);
			runOnlyForDeploymentPostprocessing = 0;
		};
/* End PBXFrameworksBuildPhase section */

/* Begin PBXGroup section */
		B54B1793294763A500CA79ED /* Models */ = {
			isa = PBXGroup;
			children = (
				B54B1794294763B500CA79ED /* ProductsListModel.swift */,
				B56F93B02949E8B600CD9D9A /* CartModel.swift */,
				B5A7FF1A294A64790076D0FE /* ProductDetailsModel.swift */,
			);
			path = Models;
			sourceTree = "<group>";
		};
		B54B17962947675400CA79ED /* Services */ = {
			isa = PBXGroup;
			children = (
				B54B17972947677D00CA79ED /* NetworkManager.swift */,
			);
			path = Services;
			sourceTree = "<group>";
		};
		B555E41729449B3300DF3DD0 = {
			isa = PBXGroup;
			children = (
				B555E42229449B3300DF3DD0 /* testAppTechnoShop */,
				B555E42129449B3300DF3DD0 /* Products */,
			);
			sourceTree = "<group>";
		};
		B555E42129449B3300DF3DD0 /* Products */ = {
			isa = PBXGroup;
			children = (
				B555E42029449B3300DF3DD0 /* testAppTechnoShop.app */,
			);
			name = Products;
			sourceTree = "<group>";
		};
		B555E42229449B3300DF3DD0 /* testAppTechnoShop */ = {
			isa = PBXGroup;
			children = (
				B5E5D1EA294BB319005CF7B9 /* Info.plist */,
				B555E42329449B3300DF3DD0 /* testAppTechnoShopApp.swift */,
				B5E5D1E5294BA5B8005CF7B9 /* SplashScreenView.swift */,
				B56F93992948C29700CD9D9A /* MainTabView */,
				B56F938C2948B1FA00CD9D9A /* ExplorerScene */,
				B56F93A62949B86400CD9D9A /* CartScene */,
				B5A7FF15294A63A60076D0FE /* ProductDetails */,
				B555E4432944C40200DF3DD0 /* FavoriteView.swift */,
				B56F93AA2949C19000CD9D9A /* CommonComponentsView */,
				B555E4452944C41100DF3DD0 /* UserProfileView.swift */,
				B54B1793294763A500CA79ED /* Models */,
				B54B17962947675400CA79ED /* Services */,
				B555E4502945A15500DF3DD0 /* Helpers */,
				B5E5D1E7294BB295005CF7B9 /* FontsProject */,
				B555E42729449B3500DF3DD0 /* Assets.xcassets */,
				B555E42929449B3500DF3DD0 /* Preview Content */,
			);
			path = testAppTechnoShop;
			sourceTree = "<group>";
		};
		B555E42929449B3500DF3DD0 /* Preview Content */ = {
			isa = PBXGroup;
			children = (
				B555E42A29449B3500DF3DD0 /* Preview Assets.xcassets */,
			);
			path = "Preview Content";
			sourceTree = "<group>";
		};
		B555E4392944AEE000DF3DD0 /* SelectCategory */ = {
			isa = PBXGroup;
			children = (
				B555E43A2944B29900DF3DD0 /* CellSelectCategory */,
				B555E43B2944B34300DF3DD0 /* SelectCategoryView.swift */,
				B555E43D2944B34E00DF3DD0 /* SelectCategoryViewModel.swift */,
				B555E4352944AD5800DF3DD0 /* SelectCategoryManager.swift */,
			);
			path = SelectCategory;
			sourceTree = "<group>";
		};
		B555E43A2944B29900DF3DD0 /* CellSelectCategory */ = {
			isa = PBXGroup;
			children = (
				B555E43129449DDC00DF3DD0 /* CellSelectCategoryView.swift */,
				B56F93752947C26200CD9D9A /* CellSelectCategoryModel.swift */,
				B555E4372944AED500DF3DD0 /* CellSelectCategoryViewModel.swift */,
			);
			path = CellSelectCategory;
			sourceTree = "<group>";
		};
		B555E4502945A15500DF3DD0 /* Helpers */ = {
			isa = PBXGroup;
			children = (
				B5B10896294C6E15004BB779 /* Extansions */,
				B555E4512945A17C00DF3DD0 /* Resources.swift */,
				B5B10894294C6D90004BB779 /* GlobalVariables.swift */,
			);
			path = Helpers;
			sourceTree = "<group>";
		};
		B555E4532945B03B00DF3DD0 /* HotSales */ = {
			isa = PBXGroup;
			children = (
				B555E45A2945B08D00DF3DD0 /* CellHotSales */,
				B555E4542945B06500DF3DD0 /* HotSalesView.swift */,
				B555E4582945B07B00DF3DD0 /* HotSalesViewModel.swift */,
			);
			path = HotSales;
			sourceTree = "<group>";
		};
		B555E45A2945B08D00DF3DD0 /* CellHotSales */ = {
			isa = PBXGroup;
			children = (
				B555E45B2945B0A900DF3DD0 /* CellHotSalesView.swift */,
				B555E45F2945B0BB00DF3DD0 /* CellHotSalesViewModel.swift */,
			);
			path = CellHotSales;
			sourceTree = "<group>";
		};
		B56F93702947A43F00CD9D9A /* ImageView */ = {
			isa = PBXGroup;
			children = (
				B56F93712947A43F00CD9D9A /* ImageView.swift */,
				B56F93722947A43F00CD9D9A /* ImageViewModel.swift */,
			);
			path = ImageView;
			sourceTree = "<group>";
		};
		B56F93772947C2FB00CD9D9A /* BestSeller */ = {
			isa = PBXGroup;
			children = (
				B56F93782947C32500CD9D9A /* CellBestSeller */,
				B56F93792947C33F00CD9D9A /* BestSellerView.swift */,
				B56F937B2947C34800CD9D9A /* BestSellerViewModel.swift */,
				B56F93832947C8EE00CD9D9A /* ButtonIsFavorite */,
			);
			path = BestSeller;
			sourceTree = "<group>";
		};
		B56F93782947C32500CD9D9A /* CellBestSeller */ = {
			isa = PBXGroup;
			children = (
				B56F937D2947C35300CD9D9A /* CellBestSellerView.swift */,
				B56F937F2947C35C00CD9D9A /* CellBestSellerViewModel.swift */,
			);
			path = CellBestSeller;
			sourceTree = "<group>";
		};
		B56F93832947C8EE00CD9D9A /* ButtonIsFavorite */ = {
			isa = PBXGroup;
			children = (
				B56F93812947C8E800CD9D9A /* ButtonIsFavoriteView.swift */,
			);
			path = ButtonIsFavorite;
			sourceTree = "<group>";
		};
		B56F93842948A26F00CD9D9A /* FilterOption */ = {
			isa = PBXGroup;
			children = (
				B56F93932948B60A00CD9D9A /* FilterShowButton */,
				B56F938B2948AFF900CD9D9A /* FilterComponentsView */,
				B56F93852948A28300CD9D9A /* FilterOptionView.swift */,
			);
			path = FilterOption;
			sourceTree = "<group>";
		};
		B56F938B2948AFF900CD9D9A /* FilterComponentsView */ = {
			isa = PBXGroup;
			children = (
				B56F93892948AD8400CD9D9A /* FilterItemSelectView.swift */,
			);
			path = FilterComponentsView;
			sourceTree = "<group>";
		};
		B56F938C2948B1FA00CD9D9A /* ExplorerScene */ = {
			isa = PBXGroup;
			children = (
				B555E43F2944C39400DF3DD0 /* ExplorerView.swift */,
				B56F93972948BFF500CD9D9A /* ExplorerViewModel.swift */,
				B56F93842948A26F00CD9D9A /* FilterOption */,
				B56F93962948B70600CD9D9A /* ExplorerNavigationItems */,
				B555E4392944AEE000DF3DD0 /* SelectCategory */,
				B555E44E29459F4600DF3DD0 /* SearchView.swift */,
				B555E4532945B03B00DF3DD0 /* HotSales */,
				B56F93772947C2FB00CD9D9A /* BestSeller */,
			);
			path = ExplorerScene;
			sourceTree = "<group>";
		};
		B56F93932948B60A00CD9D9A /* FilterShowButton */ = {
			isa = PBXGroup;
			children = (
				B56F938F2948B5EF00CD9D9A /* FilterShowButtonView.swift */,
				B56F93912948B60500CD9D9A /* FilterShowButtonViewModel.swift */,
			);
			path = FilterShowButton;
			sourceTree = "<group>";
		};
		B56F93962948B70600CD9D9A /* ExplorerNavigationItems */ = {
			isa = PBXGroup;
			children = (
				B555E44A2944F2CB00DF3DD0 /* ExplorerNavigationItemsView.swift */,
				B56F93942948B70200CD9D9A /* ExplorerNavigationItemsViewModel.swift */,
			);
			path = ExplorerNavigationItems;
			sourceTree = "<group>";
		};
		B56F93992948C29700CD9D9A /* MainTabView */ = {
			isa = PBXGroup;
			children = (
				B56F939A2948C35300CD9D9A /* MainView.swift */,
				B56F93A42948FDE200CD9D9A /* TabViewRouter.swift */,
				B56F939E2948F73200CD9D9A /* CustomTabView */,
			);
			path = MainTabView;
			sourceTree = "<group>";
		};
		B56F939E2948F73200CD9D9A /* CustomTabView */ = {
			isa = PBXGroup;
			children = (
				B56F939F2948F74800CD9D9A /* ButtonLabelCustomTabView */,
				B555E4472944C9D400DF3DD0 /* CustomTabView.swift */,
			);
			path = CustomTabView;
			sourceTree = "<group>";
		};
		B56F939F2948F74800CD9D9A /* ButtonLabelCustomTabView */ = {
			isa = PBXGroup;
			children = (
				B56F93A02948F88200CD9D9A /* LabelButtonCustomTabView.swift */,
			);
			path = ButtonLabelCustomTabView;
			sourceTree = "<group>";
		};
		B56F93A62949B86400CD9D9A /* CartScene */ = {
			isa = PBXGroup;
			children = (
				B56F93B4294A084300CD9D9A /* StepperForCart */,
				B56F93AB2949D5C100CD9D9A /* CellCart */,
				B555E4412944C3F000DF3DD0 /* CartView.swift */,
				B56F93B22949EB1600CD9D9A /* CartViewModel.swift */,
			);
			path = CartScene;
			sourceTree = "<group>";
		};
		B56F93A72949BA8400CD9D9A /* CustomNavigationBarItem */ = {
			isa = PBXGroup;
			children = (
				B56F93A82949BAA400CD9D9A /* CustomNavigationBarItemView.swift */,
				B5E5D1E3294B99AB005CF7B9 /* CustomNavigationBarItemViewModel.swift */,
				B5A7FF1C294A6A030076D0FE /* LabelButton.swift */,
			);
			path = CustomNavigationBarItem;
			sourceTree = "<group>";
		};
		B56F93AA2949C19000CD9D9A /* CommonComponentsView */ = {
			isa = PBXGroup;
			children = (
				B56F93702947A43F00CD9D9A /* ImageView */,
				B56F93A72949BA8400CD9D9A /* CustomNavigationBarItem */,
			);
			path = CommonComponentsView;
			sourceTree = "<group>";
		};
		B56F93AB2949D5C100CD9D9A /* CellCart */ = {
			isa = PBXGroup;
			children = (
				B56F93AC2949D5D400CD9D9A /* CellCartView.swift */,
				B56F93AE2949D7F200CD9D9A /* CellCartViewModel.swift */,
			);
			path = CellCart;
			sourceTree = "<group>";
		};
		B56F93B4294A084300CD9D9A /* StepperForCart */ = {
			isa = PBXGroup;
			children = (
				B56F93B6294A085700CD9D9A /* StepperForCartView.swift */,
				B56F93B8294A119F00CD9D9A /* StepperForCartViewModel.swift */,
			);
			path = StepperForCart;
			sourceTree = "<group>";
		};
		B5A7FF15294A63A60076D0FE /* ProductDetails */ = {
			isa = PBXGroup;
			children = (
				B5A7FF20294A797F0076D0FE /* ProductDetailsComponentsView */,
				B5A7FF16294A63B70076D0FE /* ProductDetailsView.swift */,
				B5A7FF18294A63C60076D0FE /* ProductDetailsViewModel.swift */,
			);
			path = ProductDetails;
			sourceTree = "<group>";
		};
		B5A7FF20294A797F0076D0FE /* ProductDetailsComponentsView */ = {
			isa = PBXGroup;
			children = (
				B5A7FF34294AFF3D0076D0FE /* CarouselProductImage */,
				B5A7FF33294AFF070076D0FE /* RatingStar */,
				B5A7FF2D294AFEDD0076D0FE /* Features */,
				B5A7FF2C294AFECC0076D0FE /* ColorAndCapacity */,
			);
			path = ProductDetailsComponentsView;
			sourceTree = "<group>";
		};
		B5A7FF2C294AFECC0076D0FE /* ColorAndCapacity */ = {
			isa = PBXGroup;
			children = (
				B5A7FF23294AFB290076D0FE /* ColorAndCapacityView.swift */,
			);
			path = ColorAndCapacity;
			sourceTree = "<group>";
		};
		B5A7FF2D294AFEDD0076D0FE /* Features */ = {
			isa = PBXGroup;
			children = (
				B5A7FF21294AFADB0076D0FE /* FeaturesView.swift */,
			);
			path = Features;
			sourceTree = "<group>";
		};
		B5A7FF33294AFF070076D0FE /* RatingStar */ = {
			isa = PBXGroup;
			children = (
				B5A7FF1E294A782E0076D0FE /* RatingStarView.swift */,
			);
			path = RatingStar;
			sourceTree = "<group>";
		};
		B5A7FF34294AFF3D0076D0FE /* CarouselProductImage */ = {
			isa = PBXGroup;
			children = (
				B5A7FF55294B24000076D0FE /* CellCarouselProduct */,
				B5A7FF35294AFF540076D0FE /* CarouselProductImageView.swift */,
			);
			path = CarouselProductImage;
			sourceTree = "<group>";
		};
		B5A7FF55294B24000076D0FE /* CellCarouselProduct */ = {
			isa = PBXGroup;
			children = (
				B5A7FF53294B232F0076D0FE /* CellCarouselProductView.swift */,
				B5A7FF56294B383A0076D0FE /* CellCarouselProductViewModel.swift */,
			);
			path = CellCarouselProduct;
			sourceTree = "<group>";
		};
		B5B10896294C6E15004BB779 /* Extansions */ = {
			isa = PBXGroup;
			children = (
				B5E5D1F1294BB5AC005CF7B9 /* Font + Ext.swift */,
			);
			path = Extansions;
			sourceTree = "<group>";
		};
		B5E5D1E7294BB295005CF7B9 /* FontsProject */ = {
			isa = PBXGroup;
			children = (
				B5E5D1E8294BB2DC005CF7B9 /* MarkPro.ttf */,
				B5E5D1EF294BB485005CF7B9 /* MarkProMedium.ttf */,
				B5E5D1ED294BB47B005CF7B9 /* MarkProBold.ttf */,
				B5E5D1EB294BB473005CF7B9 /* MarkProHeavy.ttf */,
			);
			path = FontsProject;
			sourceTree = "<group>";
		};
/* End PBXGroup section */

/* Begin PBXNativeTarget section */
		B555E41F29449B3300DF3DD0 /* testAppTechnoShop */ = {
			isa = PBXNativeTarget;
			buildConfigurationList = B555E42E29449B3500DF3DD0 /* Build configuration list for PBXNativeTarget "testAppTechnoShop" */;
			buildPhases = (
				B555E41C29449B3300DF3DD0 /* Sources */,
				B555E41D29449B3300DF3DD0 /* Frameworks */,
				B555E41E29449B3300DF3DD0 /* Resources */,
			);
			buildRules = (
			);
			dependencies = (
			);
			name = testAppTechnoShop;
			productName = testAppTechnoShop;
			productReference = B555E42029449B3300DF3DD0 /* testAppTechnoShop.app */;
			productType = "com.apple.product-type.application";
		};
/* End PBXNativeTarget section */

/* Begin PBXProject section */
		B555E41829449B3300DF3DD0 /* Project object */ = {
			isa = PBXProject;
			attributes = {
				BuildIndependentTargetsInParallel = 1;
				LastSwiftUpdateCheck = 1410;
				LastUpgradeCheck = 1410;
				TargetAttributes = {
					B555E41F29449B3300DF3DD0 = {
						CreatedOnToolsVersion = 14.1;
					};
				};
			};
			buildConfigurationList = B555E41B29449B3300DF3DD0 /* Build configuration list for PBXProject "testAppTechnoShop" */;
			compatibilityVersion = "Xcode 14.0";
			developmentRegion = en;
			hasScannedForEncodings = 0;
			knownRegions = (
				en,
				Base,
			);
			mainGroup = B555E41729449B3300DF3DD0;
			productRefGroup = B555E42129449B3300DF3DD0 /* Products */;
			projectDirPath = "";
			projectRoot = "";
			targets = (
				B555E41F29449B3300DF3DD0 /* testAppTechnoShop */,
			);
		};
/* End PBXProject section */

/* Begin PBXResourcesBuildPhase section */
		B555E41E29449B3300DF3DD0 /* Resources */ = {
			isa = PBXResourcesBuildPhase;
			buildActionMask = 2147483647;
			files = (
				B5E5D1EE294BB47B005CF7B9 /* MarkProBold.ttf in Resources */,
				B5E5D1E9294BB2DC005CF7B9 /* MarkPro.ttf in Resources */,
				B5E5D1F0294BB485005CF7B9 /* MarkProMedium.ttf in Resources */,
				B5E5D1EC294BB473005CF7B9 /* MarkProHeavy.ttf in Resources */,
				B555E42B29449B3500DF3DD0 /* Preview Assets.xcassets in Resources */,
				B555E42829449B3500DF3DD0 /* Assets.xcassets in Resources */,
			);
			runOnlyForDeploymentPostprocessing = 0;
		};
/* End PBXResourcesBuildPhase section */

/* Begin PBXSourcesBuildPhase section */
		B555E41C29449B3300DF3DD0 /* Sources */ = {
			isa = PBXSourcesBuildPhase;
			buildActionMask = 2147483647;
			files = (
				B56F93822947C8E800CD9D9A /* ButtonIsFavoriteView.swift in Sources */,
				B56F93A92949BAA400CD9D9A /* CustomNavigationBarItemView.swift in Sources */,
				B555E4422944C3F000DF3DD0 /* CartView.swift in Sources */,
				B5A7FF36294AFF540076D0FE /* CarouselProductImageView.swift in Sources */,
				B56F93A12948F88200CD9D9A /* LabelButtonCustomTabView.swift in Sources */,
				B56F93B7294A085700CD9D9A /* StepperForCartView.swift in Sources */,
				B5A7FF17294A63B70076D0FE /* ProductDetailsView.swift in Sources */,
				B5A7FF24294AFB290076D0FE /* ColorAndCapacityView.swift in Sources */,
				B555E4362944AD5800DF3DD0 /* SelectCategoryManager.swift in Sources */,
				B5A7FF19294A63C60076D0FE /* ProductDetailsViewModel.swift in Sources */,
				B555E43E2944B34E00DF3DD0 /* SelectCategoryViewModel.swift in Sources */,
				B56F93B32949EB1600CD9D9A /* CartViewModel.swift in Sources */,
				B56F937E2947C35300CD9D9A /* CellBestSellerView.swift in Sources */,
				B555E43C2944B34300DF3DD0 /* SelectCategoryView.swift in Sources */,
				B56F93742947A43F00CD9D9A /* ImageViewModel.swift in Sources */,
				B555E4482944C9D400DF3DD0 /* CustomTabView.swift in Sources */,
				B56F93732947A43F00CD9D9A /* ImageView.swift in Sources */,
				B555E4442944C40200DF3DD0 /* FavoriteView.swift in Sources */,
				B56F93902948B5EF00CD9D9A /* FilterShowButtonView.swift in Sources */,
				B56F93762947C26200CD9D9A /* CellSelectCategoryModel.swift in Sources */,
				B56F93B9294A119F00CD9D9A /* StepperForCartViewModel.swift in Sources */,
				B56F93922948B60500CD9D9A /* FilterShowButtonViewModel.swift in Sources */,
				B5A7FF57294B383A0076D0FE /* CellCarouselProductViewModel.swift in Sources */,
				B5A7FF1B294A64790076D0FE /* ProductDetailsModel.swift in Sources */,
				B555E44B2944F2CB00DF3DD0 /* ExplorerNavigationItemsView.swift in Sources */,
				B555E4382944AED500DF3DD0 /* CellSelectCategoryViewModel.swift in Sources */,
				B56F93AF2949D7F200CD9D9A /* CellCartViewModel.swift in Sources */,
				B56F93802947C35C00CD9D9A /* CellBestSellerViewModel.swift in Sources */,
				B5A7FF54294B232F0076D0FE /* CellCarouselProductView.swift in Sources */,
				B56F93AD2949D5D400CD9D9A /* CellCartView.swift in Sources */,
				B5A7FF22294AFADB0076D0FE /* FeaturesView.swift in Sources */,
				B555E4462944C41100DF3DD0 /* UserProfileView.swift in Sources */,
				B5A7FF1F294A782E0076D0FE /* RatingStarView.swift in Sources */,
				B56F937C2947C34800CD9D9A /* BestSellerViewModel.swift in Sources */,
				B5B10895294C6D90004BB779 /* GlobalVariables.swift in Sources */,
				B56F93982948BFF500CD9D9A /* ExplorerViewModel.swift in Sources */,
				B56F938A2948AD8400CD9D9A /* FilterItemSelectView.swift in Sources */,
				B555E4522945A17C00DF3DD0 /* Resources.swift in Sources */,
				B555E44F29459F4600DF3DD0 /* SearchView.swift in Sources */,
				B54B17982947677D00CA79ED /* NetworkManager.swift in Sources */,
				B56F939B2948C35300CD9D9A /* MainView.swift in Sources */,
				B555E4602945B0BB00DF3DD0 /* CellHotSalesViewModel.swift in Sources */,
				B5A7FF1D294A6A030076D0FE /* LabelButton.swift in Sources */,
				B555E4552945B06500DF3DD0 /* HotSalesView.swift in Sources */,
				B555E4402944C39400DF3DD0 /* ExplorerView.swift in Sources */,
				B555E4592945B07B00DF3DD0 /* HotSalesViewModel.swift in Sources */,
				B54B1795294763B500CA79ED /* ProductsListModel.swift in Sources */,
				B56F93862948A28300CD9D9A /* FilterOptionView.swift in Sources */,
				B5E5D1E6294BA5B8005CF7B9 /* SplashScreenView.swift in Sources */,
				B56F93A52948FDE200CD9D9A /* TabViewRouter.swift in Sources */,
				B56F93B12949E8B600CD9D9A /* CartModel.swift in Sources */,
				B56F937A2947C33F00CD9D9A /* BestSellerView.swift in Sources */,
				B5E5D1F2294BB5AC005CF7B9 /* Font + Ext.swift in Sources */,
				B555E43229449DDC00DF3DD0 /* CellSelectCategoryView.swift in Sources */,
				B555E42429449B3300DF3DD0 /* testAppTechnoShopApp.swift in Sources */,
				B555E45C2945B0A900DF3DD0 /* CellHotSalesView.swift in Sources */,
				B5E5D1E4294B99AB005CF7B9 /* CustomNavigationBarItemViewModel.swift in Sources */,
				B56F93952948B70200CD9D9A /* ExplorerNavigationItemsViewModel.swift in Sources */,
			);
			runOnlyForDeploymentPostprocessing = 0;
		};
/* End PBXSourcesBuildPhase section */

/* Begin XCBuildConfiguration section */
		B555E42C29449B3500DF3DD0 /* Debug */ = {
			isa = XCBuildConfiguration;
			buildSettings = {
				ALWAYS_SEARCH_USER_PATHS = NO;
				CLANG_ANALYZER_NONNULL = YES;
				CLANG_ANALYZER_NUMBER_OBJECT_CONVERSION = YES_AGGRESSIVE;
				CLANG_CXX_LANGUAGE_STANDARD = "gnu++20";
				CLANG_ENABLE_MODULES = YES;
				CLANG_ENABLE_OBJC_ARC = YES;
				CLANG_ENABLE_OBJC_WEAK = YES;
				CLANG_WARN_BLOCK_CAPTURE_AUTORELEASING = YES;
				CLANG_WARN_BOOL_CONVERSION = YES;
				CLANG_WARN_COMMA = YES;
				CLANG_WARN_CONSTANT_CONVERSION = YES;
				CLANG_WARN_DEPRECATED_OBJC_IMPLEMENTATIONS = YES;
				CLANG_WARN_DIRECT_OBJC_ISA_USAGE = YES_ERROR;
				CLANG_WARN_DOCUMENTATION_COMMENTS = YES;
				CLANG_WARN_EMPTY_BODY = YES;
				CLANG_WARN_ENUM_CONVERSION = YES;
				CLANG_WARN_INFINITE_RECURSION = YES;
				CLANG_WARN_INT_CONVERSION = YES;
				CLANG_WARN_NON_LITERAL_NULL_CONVERSION = YES;
				CLANG_WARN_OBJC_IMPLICIT_RETAIN_SELF = YES;
				CLANG_WARN_OBJC_LITERAL_CONVERSION = YES;
				CLANG_WARN_OBJC_ROOT_CLASS = YES_ERROR;
				CLANG_WARN_QUOTED_INCLUDE_IN_FRAMEWORK_HEADER = YES;
				CLANG_WARN_RANGE_LOOP_ANALYSIS = YES;
				CLANG_WARN_STRICT_PROTOTYPES = YES;
				CLANG_WARN_SUSPICIOUS_MOVE = YES;
				CLANG_WARN_UNGUARDED_AVAILABILITY = YES_AGGRESSIVE;
				CLANG_WARN_UNREACHABLE_CODE = YES;
				CLANG_WARN__DUPLICATE_METHOD_MATCH = YES;
				COPY_PHASE_STRIP = NO;
				DEBUG_INFORMATION_FORMAT = dwarf;
				ENABLE_STRICT_OBJC_MSGSEND = YES;
				ENABLE_TESTABILITY = YES;
				GCC_C_LANGUAGE_STANDARD = gnu11;
				GCC_DYNAMIC_NO_PIC = NO;
				GCC_NO_COMMON_BLOCKS = YES;
				GCC_OPTIMIZATION_LEVEL = 0;
				GCC_PREPROCESSOR_DEFINITIONS = (
					"DEBUG=1",
					"$(inherited)",
				);
				GCC_WARN_64_TO_32_BIT_CONVERSION = YES;
				GCC_WARN_ABOUT_RETURN_TYPE = YES_ERROR;
				GCC_WARN_UNDECLARED_SELECTOR = YES;
				GCC_WARN_UNINITIALIZED_AUTOS = YES_AGGRESSIVE;
				GCC_WARN_UNUSED_FUNCTION = YES;
				GCC_WARN_UNUSED_VARIABLE = YES;
				IPHONEOS_DEPLOYMENT_TARGET = 16.1;
				MTL_ENABLE_DEBUG_INFO = INCLUDE_SOURCE;
				MTL_FAST_MATH = YES;
				ONLY_ACTIVE_ARCH = YES;
				SDKROOT = iphoneos;
				SWIFT_ACTIVE_COMPILATION_CONDITIONS = DEBUG;
				SWIFT_OPTIMIZATION_LEVEL = "-Onone";
			};
			name = Debug;
		};
		B555E42D29449B3500DF3DD0 /* Release */ = {
			isa = XCBuildConfiguration;
			buildSettings = {
				ALWAYS_SEARCH_USER_PATHS = NO;
				CLANG_ANALYZER_NONNULL = YES;
				CLANG_ANALYZER_NUMBER_OBJECT_CONVERSION = YES_AGGRESSIVE;
				CLANG_CXX_LANGUAGE_STANDARD = "gnu++20";
				CLANG_ENABLE_MODULES = YES;
				CLANG_ENABLE_OBJC_ARC = YES;
				CLANG_ENABLE_OBJC_WEAK = YES;
				CLANG_WARN_BLOCK_CAPTURE_AUTORELEASING = YES;
				CLANG_WARN_BOOL_CONVERSION = YES;
				CLANG_WARN_COMMA = YES;
				CLANG_WARN_CONSTANT_CONVERSION = YES;
				CLANG_WARN_DEPRECATED_OBJC_IMPLEMENTATIONS = YES;
				CLANG_WARN_DIRECT_OBJC_ISA_USAGE = YES_ERROR;
				CLANG_WARN_DOCUMENTATION_COMMENTS = YES;
				CLANG_WARN_EMPTY_BODY = YES;
				CLANG_WARN_ENUM_CONVERSION = YES;
				CLANG_WARN_INFINITE_RECURSION = YES;
				CLANG_WARN_INT_CONVERSION = YES;
				CLANG_WARN_NON_LITERAL_NULL_CONVERSION = YES;
				CLANG_WARN_OBJC_IMPLICIT_RETAIN_SELF = YES;
				CLANG_WARN_OBJC_LITERAL_CONVERSION = YES;
				CLANG_WARN_OBJC_ROOT_CLASS = YES_ERROR;
				CLANG_WARN_QUOTED_INCLUDE_IN_FRAMEWORK_HEADER = YES;
				CLANG_WARN_RANGE_LOOP_ANALYSIS = YES;
				CLANG_WARN_STRICT_PROTOTYPES = YES;
				CLANG_WARN_SUSPICIOUS_MOVE = YES;
				CLANG_WARN_UNGUARDED_AVAILABILITY = YES_AGGRESSIVE;
				CLANG_WARN_UNREACHABLE_CODE = YES;
				CLANG_WARN__DUPLICATE_METHOD_MATCH = YES;
				COPY_PHASE_STRIP = NO;
				DEBUG_INFORMATION_FORMAT = "dwarf-with-dsym";
				ENABLE_NS_ASSERTIONS = NO;
				ENABLE_STRICT_OBJC_MSGSEND = YES;
				GCC_C_LANGUAGE_STANDARD = gnu11;
				GCC_NO_COMMON_BLOCKS = YES;
				GCC_WARN_64_TO_32_BIT_CONVERSION = YES;
				GCC_WARN_ABOUT_RETURN_TYPE = YES_ERROR;
				GCC_WARN_UNDECLARED_SELECTOR = YES;
				GCC_WARN_UNINITIALIZED_AUTOS = YES_AGGRESSIVE;
				GCC_WARN_UNUSED_FUNCTION = YES;
				GCC_WARN_UNUSED_VARIABLE = YES;
				IPHONEOS_DEPLOYMENT_TARGET = 16.1;
				MTL_ENABLE_DEBUG_INFO = NO;
				MTL_FAST_MATH = YES;
				SDKROOT = iphoneos;
				SWIFT_COMPILATION_MODE = wholemodule;
				SWIFT_OPTIMIZATION_LEVEL = "-O";
				VALIDATE_PRODUCT = YES;
			};
			name = Release;
		};
		B555E42F29449B3500DF3DD0 /* Debug */ = {
			isa = XCBuildConfiguration;
			buildSettings = {
				ASSETCATALOG_COMPILER_APPICON_NAME = AppIcon;
				ASSETCATALOG_COMPILER_GLOBAL_ACCENT_COLOR_NAME = AccentColor;
				CODE_SIGN_STYLE = Automatic;
				CURRENT_PROJECT_VERSION = 1;
				DEVELOPMENT_ASSET_PATHS = "\"testAppTechnoShop/Preview Content\"";
				DEVELOPMENT_TEAM = 37FQQ4WXUX;
				ENABLE_PREVIEWS = YES;
				GENERATE_INFOPLIST_FILE = YES;
				INFOPLIST_FILE = testAppTechnoShop/Info.plist;
				INFOPLIST_KEY_UIApplicationSceneManifest_Generation = YES;
				INFOPLIST_KEY_UIApplicationSupportsIndirectInputEvents = YES;
				INFOPLIST_KEY_UILaunchScreen_Generation = YES;
				INFOPLIST_KEY_UISupportedInterfaceOrientations_iPad = "UIInterfaceOrientationPortrait UIInterfaceOrientationPortraitUpsideDown UIInterfaceOrientationLandscapeLeft UIInterfaceOrientationLandscapeRight";
				INFOPLIST_KEY_UISupportedInterfaceOrientations_iPhone = "UIInterfaceOrientationPortrait UIInterfaceOrientationLandscapeLeft UIInterfaceOrientationLandscapeRight";
				LD_RUNPATH_SEARCH_PATHS = (
					"$(inherited)",
					"@executable_path/Frameworks",
				);
				MARKETING_VERSION = 1.0;
				PRODUCT_BUNDLE_IDENTIFIER = alexei.poprotskii.testAppTechnoShop;
				PRODUCT_NAME = "$(TARGET_NAME)";
				SWIFT_EMIT_LOC_STRINGS = YES;
				SWIFT_VERSION = 5.0;
				TARGETED_DEVICE_FAMILY = "1,2";
			};
			name = Debug;
		};
		B555E43029449B3500DF3DD0 /* Release */ = {
			isa = XCBuildConfiguration;
			buildSettings = {
				ASSETCATALOG_COMPILER_APPICON_NAME = AppIcon;
				ASSETCATALOG_COMPILER_GLOBAL_ACCENT_COLOR_NAME = AccentColor;
				CODE_SIGN_STYLE = Automatic;
				CURRENT_PROJECT_VERSION = 1;
				DEVELOPMENT_ASSET_PATHS = "\"testAppTechnoShop/Preview Content\"";
				DEVELOPMENT_TEAM = 37FQQ4WXUX;
				ENABLE_PREVIEWS = YES;
				GENERATE_INFOPLIST_FILE = YES;
				INFOPLIST_FILE = testAppTechnoShop/Info.plist;
				INFOPLIST_KEY_UIApplicationSceneManifest_Generation = YES;
				INFOPLIST_KEY_UIApplicationSupportsIndirectInputEvents = YES;
				INFOPLIST_KEY_UILaunchScreen_Generation = YES;
				INFOPLIST_KEY_UISupportedInterfaceOrientations_iPad = "UIInterfaceOrientationPortrait UIInterfaceOrientationPortraitUpsideDown UIInterfaceOrientationLandscapeLeft UIInterfaceOrientationLandscapeRight";
				INFOPLIST_KEY_UISupportedInterfaceOrientations_iPhone = "UIInterfaceOrientationPortrait UIInterfaceOrientationLandscapeLeft UIInterfaceOrientationLandscapeRight";
				LD_RUNPATH_SEARCH_PATHS = (
					"$(inherited)",
					"@executable_path/Frameworks",
				);
				MARKETING_VERSION = 1.0;
				PRODUCT_BUNDLE_IDENTIFIER = alexei.poprotskii.testAppTechnoShop;
				PRODUCT_NAME = "$(TARGET_NAME)";
				SWIFT_EMIT_LOC_STRINGS = YES;
				SWIFT_VERSION = 5.0;
				TARGETED_DEVICE_FAMILY = "1,2";
			};
			name = Release;
		};
/* End XCBuildConfiguration section */

/* Begin XCConfigurationList section */
		B555E41B29449B3300DF3DD0 /* Build configuration list for PBXProject "testAppTechnoShop" */ = {
			isa = XCConfigurationList;
			buildConfigurations = (
				B555E42C29449B3500DF3DD0 /* Debug */,
				B555E42D29449B3500DF3DD0 /* Release */,
			);
			defaultConfigurationIsVisible = 0;
			defaultConfigurationName = Release;
		};
		B555E42E29449B3500DF3DD0 /* Build configuration list for PBXNativeTarget "testAppTechnoShop" */ = {
			isa = XCConfigurationList;
			buildConfigurations = (
				B555E42F29449B3500DF3DD0 /* Debug */,
				B555E43029449B3500DF3DD0 /* Release */,
			);
			defaultConfigurationIsVisible = 0;
			defaultConfigurationName = Release;
		};
/* End XCConfigurationList section */
	};
	rootObject = B555E41829449B3300DF3DD0 /* Project object */;
}
